
Microsoft Visual Studio Solution File, Format Version 12.00
# Visual Studio 15
VisualStudioVersion = 15.0.28307.1259
MinimumVisualStudioVersion = 10.0.40219.1
Project("{9A19103F-16F7-4668-BE54-9A1E7A4F7556}") = "Udemy.Ecommerce.Transversal.Common", "Udemy.Ecommerce.Transversal.Common\Udemy.Ecommerce.Transversal.Common.csproj", "{6E6EFEE0-0FD0-4378-AAE0-A566D163FE3B}"
EndProject
Project("{2150E333-8FDC-42A3-9474-1A3956D46DE8}") = "Transversal", "Transversal", "{15A2613E-6F30-4B16-94E6-3561D21CD4D7}"
EndProject
Project("{2150E333-8FDC-42A3-9474-1A3956D46DE8}") = "Domain", "Domain", "{62765A7B-DC99-4FDC-A5B0-A8970985A09E}"
EndProject
Project("{2150E333-8FDC-42A3-9474-1A3956D46DE8}") = "Service", "Service", "{3E9A94EB-9BA2-4536-9F1D-1319A52C55A7}"
EndProject
Project("{2150E333-8FDC-42A3-9474-1A3956D46DE8}") = "Infraestructure", "Infraestructure", "{880BB2CA-3A15-4EC7-8983-B3C7D8CD679E}"
EndProject
Project("{2150E333-8FDC-42A3-9474-1A3956D46DE8}") = "Application", "Application", "{606F3061-1B90-4A51-91DF-2118FE2A88E8}"
EndProject
Project("{9A19103F-16F7-4668-BE54-9A1E7A4F7556}") = "Udemy.Ecommerce.Domain.Entity", "Udemy.Ecommerce.Domain.Entity\Udemy.Ecommerce.Domain.Entity.csproj", "{83BBF2A6-BBCB-40B4-AE85-31A263984C7B}"
EndProject
Project("{9A19103F-16F7-4668-BE54-9A1E7A4F7556}") = "Udemy.Ecommerce.Infraestructure.Data", "Udemy.Ecommerce.Infraestructure.Data\Udemy.Ecommerce.Infraestructure.Data.csproj", "{713BFC2C-9E0D-4F91-BD24-8CDA2DD40707}"
EndProject
Project("{9A19103F-16F7-4668-BE54-9A1E7A4F7556}") = "Udemy.Ecommerce.Infraestructure.Interface", "Udemy.Ecommerce.Infraestructure.Interface\Udemy.Ecommerce.Infraestructure.Interface.csproj", "{163D14B6-059F-42DA-A934-C683E46DC9E3}"
EndProject
Project("{9A19103F-16F7-4668-BE54-9A1E7A4F7556}") = "Udemy.Ecommerce.Infraestructure.Repository", "Udemy.Ecommerce.Infraestructure.Repository\Udemy.Ecommerce.Infraestructure.Repository.csproj", "{059FDFB5-DDE4-4C5F-910D-F7485BA4299A}"
EndProject
Project("{FAE04EC0-301F-11D3-BF4B-00C04F79EFBC}") = "Udemy.Ecommerce.Domain.Interface", "Udemy.Ecommerce.Domain.Interface\Udemy.Ecommerce.Domain.Interface.csproj", "{B583383D-EBC6-4CE1-928F-4CA2DCD308F7}"
EndProject
Project("{FAE04EC0-301F-11D3-BF4B-00C04F79EFBC}") = "Udemy.Ecommerce.Domain.Core", "Udemy.Ecommerce.Domain.Core\Udemy.Ecommerce.Domain.Core.csproj", "{A8948D95-59FA-4AE9-B779-001436C8E13A}"
EndProject
Project("{FAE04EC0-301F-11D3-BF4B-00C04F79EFBC}") = "Udemy.Ecommerce.Transversal.Mapper", "Udemy.Ecommerce.Transversal.Mapper\Udemy.Ecommerce.Transversal.Mapper.csproj", "{099C2435-72E7-4BCA-8963-D19DA6413032}"
EndProject
Project("{FAE04EC0-301F-11D3-BF4B-00C04F79EFBC}") = "Udemy.Ecommerce.Transversal.Logging", "Udemy.Ecommerce.Transversal.Logging\Udemy.Ecommerce.Transversal.Logging.csproj", "{E37C872D-FE5C-4E55-98A4-A950B9108217}"
EndProject
Project("{FAE04EC0-301F-11D3-BF4B-00C04F79EFBC}") = "Udemy.Ecommerce.Application.DTO", "Udemy.Ecommerce.Application.DTO\Udemy.Ecommerce.Application.DTO.csproj", "{B014B0B5-4427-4D01-888C-8AFC20C388B1}"
EndProject
Project("{FAE04EC0-301F-11D3-BF4B-00C04F79EFBC}") = "Udemy.Ecommerce.Application.Interface", "Udemy.Ecommerce.Application.Interface\Udemy.Ecommerce.Application.Interface.csproj", "{44B3AC18-73BE-4446-A257-F5BBE5EA5777}"
EndProject
Project("{FAE04EC0-301F-11D3-BF4B-00C04F79EFBC}") = "Udemy.Ecommerce.Application.Main", "Udemy.Ecommerce.Application.Main\Udemy.Ecommerce.Application.Main.csproj", "{E7AAC67E-FF63-45BA-B2D1-16BCE6948C4D}"
EndProject
Global
	GlobalSection(SolutionConfigurationPlatforms) = preSolution
		Debug|Any CPU = Debug|Any CPU
		Release|Any CPU = Release|Any CPU
	EndGlobalSection
	GlobalSection(ProjectConfigurationPlatforms) = postSolution
		{6E6EFEE0-0FD0-4378-AAE0-A566D163FE3B}.Debug|Any CPU.ActiveCfg = Debug|Any CPU
		{6E6EFEE0-0FD0-4378-AAE0-A566D163FE3B}.Debug|Any CPU.Build.0 = Debug|Any CPU
		{6E6EFEE0-0FD0-4378-AAE0-A566D163FE3B}.Release|Any CPU.ActiveCfg = Release|Any CPU
		{6E6EFEE0-0FD0-4378-AAE0-A566D163FE3B}.Release|Any CPU.Build.0 = Release|Any CPU
		{83BBF2A6-BBCB-40B4-AE85-31A263984C7B}.Debug|Any CPU.ActiveCfg = Debug|Any CPU
		{83BBF2A6-BBCB-40B4-AE85-31A263984C7B}.Debug|Any CPU.Build.0 = Debug|Any CPU
		{83BBF2A6-BBCB-40B4-AE85-31A263984C7B}.Release|Any CPU.ActiveCfg = Release|Any CPU
		{83BBF2A6-BBCB-40B4-AE85-31A263984C7B}.Release|Any CPU.Build.0 = Release|Any CPU
		{713BFC2C-9E0D-4F91-BD24-8CDA2DD40707}.Debug|Any CPU.ActiveCfg = Debug|Any CPU
		{713BFC2C-9E0D-4F91-BD24-8CDA2DD40707}.Debug|Any CPU.Build.0 = Debug|Any CPU
		{713BFC2C-9E0D-4F91-BD24-8CDA2DD40707}.Release|Any CPU.ActiveCfg = Release|Any CPU
		{713BFC2C-9E0D-4F91-BD24-8CDA2DD40707}.Release|Any CPU.Build.0 = Release|Any CPU
		{163D14B6-059F-42DA-A934-C683E46DC9E3}.Debug|Any CPU.ActiveCfg = Debug|Any CPU
		{163D14B6-059F-42DA-A934-C683E46DC9E3}.Debug|Any CPU.Build.0 = Debug|Any CPU
		{163D14B6-059F-42DA-A934-C683E46DC9E3}.Release|Any CPU.ActiveCfg = Release|Any CPU
		{163D14B6-059F-42DA-A934-C683E46DC9E3}.Release|Any CPU.Build.0 = Release|Any CPU
		{059FDFB5-DDE4-4C5F-910D-F7485BA4299A}.Debug|Any CPU.ActiveCfg = Debug|Any CPU
		{059FDFB5-DDE4-4C5F-910D-F7485BA4299A}.Debug|Any CPU.Build.0 = Debug|Any CPU
		{059FDFB5-DDE4-4C5F-910D-F7485BA4299A}.Release|Any CPU.ActiveCfg = Release|Any CPU
		{059FDFB5-DDE4-4C5F-910D-F7485BA4299A}.Release|Any CPU.Build.0 = Release|Any CPU
		{B583383D-EBC6-4CE1-928F-4CA2DCD308F7}.Debug|Any CPU.ActiveCfg = Debug|Any CPU
		{B583383D-EBC6-4CE1-928F-4CA2DCD308F7}.Debug|Any CPU.Build.0 = Debug|Any CPU
		{B583383D-EBC6-4CE1-928F-4CA2DCD308F7}.Release|Any CPU.ActiveCfg = Release|Any CPU
		{B583383D-EBC6-4CE1-928F-4CA2DCD308F7}.Release|Any CPU.Build.0 = Release|Any CPU
		{A8948D95-59FA-4AE9-B779-001436C8E13A}.Debug|Any CPU.ActiveCfg = Debug|Any CPU
		{A8948D95-59FA-4AE9-B779-001436C8E13A}.Debug|Any CPU.Build.0 = Debug|Any CPU
		{A8948D95-59FA-4AE9-B779-001436C8E13A}.Release|Any CPU.ActiveCfg = Release|Any CPU
		{A8948D95-59FA-4AE9-B779-001436C8E13A}.Release|Any CPU.Build.0 = Release|Any CPU
		{099C2435-72E7-4BCA-8963-D19DA6413032}.Debug|Any CPU.ActiveCfg = Debug|Any CPU
		{099C2435-72E7-4BCA-8963-D19DA6413032}.Debug|Any CPU.Build.0 = Debug|Any CPU
		{099C2435-72E7-4BCA-8963-D19DA6413032}.Release|Any CPU.ActiveCfg = Release|Any CPU
		{099C2435-72E7-4BCA-8963-D19DA6413032}.Release|Any CPU.Build.0 = Release|Any CPU
		{E37C872D-FE5C-4E55-98A4-A950B9108217}.Debug|Any CPU.ActiveCfg = Debug|Any CPU
		{E37C872D-FE5C-4E55-98A4-A950B9108217}.Debug|Any CPU.Build.0 = Debug|Any CPU
		{E37C872D-FE5C-4E55-98A4-A950B9108217}.Release|Any CPU.ActiveCfg = Release|Any CPU
		{E37C872D-FE5C-4E55-98A4-A950B9108217}.Release|Any CPU.Build.0 = Release|Any CPU
		{B014B0B5-4427-4D01-888C-8AFC20C388B1}.Debug|Any CPU.ActiveCfg = Debug|Any CPU
		{B014B0B5-4427-4D01-888C-8AFC20C388B1}.Debug|Any CPU.Build.0 = Debug|Any CPU
		{B014B0B5-4427-4D01-888C-8AFC20C388B1}.Release|Any CPU.ActiveCfg = Release|Any CPU
		{B014B0B5-4427-4D01-888C-8AFC20C388B1}.Release|Any CPU.Build.0 = Release|Any CPU
		{44B3AC18-73BE-4446-A257-F5BBE5EA5777}.Debug|Any CPU.ActiveCfg = Debug|Any CPU
		{44B3AC18-73BE-4446-A257-F5BBE5EA5777}.Debug|Any CPU.Build.0 = Debug|Any CPU
		{44B3AC18-73BE-4446-A257-F5BBE5EA5777}.Release|Any CPU.ActiveCfg = Release|Any CPU
		{44B3AC18-73BE-4446-A257-F5BBE5EA5777}.Release|Any CPU.Build.0 = Release|Any CPU
		{E7AAC67E-FF63-45BA-B2D1-16BCE6948C4D}.Debug|Any CPU.ActiveCfg = Debug|Any CPU
		{E7AAC67E-FF63-45BA-B2D1-16BCE6948C4D}.Debug|Any CPU.Build.0 = Debug|Any CPU
		{E7AAC67E-FF63-45BA-B2D1-16BCE6948C4D}.Release|Any CPU.ActiveCfg = Release|Any CPU
		{E7AAC67E-FF63-45BA-B2D1-16BCE6948C4D}.Release|Any CPU.Build.0 = Release|Any CPU
	EndGlobalSection
	GlobalSection(SolutionProperties) = preSolution
		HideSolutionNode = FALSE
	EndGlobalSection
	GlobalSection(NestedProjects) = preSolution
		{6E6EFEE0-0FD0-4378-AAE0-A566D163FE3B} = {15A2613E-6F30-4B16-94E6-3561D21CD4D7}
		{83BBF2A6-BBCB-40B4-AE85-31A263984C7B} = {62765A7B-DC99-4FDC-A5B0-A8970985A09E}
		{713BFC2C-9E0D-4F91-BD24-8CDA2DD40707} = {880BB2CA-3A15-4EC7-8983-B3C7D8CD679E}
		{163D14B6-059F-42DA-A934-C683E46DC9E3} = {880BB2CA-3A15-4EC7-8983-B3C7D8CD679E}
		{059FDFB5-DDE4-4C5F-910D-F7485BA4299A} = {880BB2CA-3A15-4EC7-8983-B3C7D8CD679E}
		{B583383D-EBC6-4CE1-928F-4CA2DCD308F7} = {62765A7B-DC99-4FDC-A5B0-A8970985A09E}
		{A8948D95-59FA-4AE9-B779-001436C8E13A} = {62765A7B-DC99-4FDC-A5B0-A8970985A09E}
		{099C2435-72E7-4BCA-8963-D19DA6413032} = {15A2613E-6F30-4B16-94E6-3561D21CD4D7}
		{E37C872D-FE5C-4E55-98A4-A950B9108217} = {15A2613E-6F30-4B16-94E6-3561D21CD4D7}
		{B014B0B5-4427-4D01-888C-8AFC20C388B1} = {606F3061-1B90-4A51-91DF-2118FE2A88E8}
		{44B3AC18-73BE-4446-A257-F5BBE5EA5777} = {606F3061-1B90-4A51-91DF-2118FE2A88E8}
		{E7AAC67E-FF63-45BA-B2D1-16BCE6948C4D} = {606F3061-1B90-4A51-91DF-2118FE2A88E8}
	EndGlobalSection
	GlobalSection(ExtensibilityGlobals) = postSolution
		SolutionGuid = {A31EFF21-FFBB-41BD-A687-5B2C3722B281}
	EndGlobalSection
EndGlobal
